{
    "_readme": [
        "This file locks the dependencies of your project to a known state",
        "Read more about it at https://getcomposer.org/doc/01-basic-usage.md#composer-lock-the-lock-file",
        "This file is @generated automatically"
    ],
    "content-hash": "b5b62f4681afecf6a7fa3eb9d6b908a6",
    "packages": [],
    "packages-dev": [
        {
            "name": "ajgl/breakpoint-twig-extension",
            "version": "0.3.4",
            "source": {
                "type": "git",
                "url": "https://github.com/ajgarlag/AjglBreakpointTwigExtension.git",
                "reference": "13ee39406dc3d959c5704b462a3dbc3cbf088f16"
            },
            "dist": {
                "type": "zip",
                "url": "https://api.github.com/repos/ajgarlag/AjglBreakpointTwigExtension/zipball/13ee39406dc3d959c5704b462a3dbc3cbf088f16",
                "reference": "13ee39406dc3d959c5704b462a3dbc3cbf088f16",
                "shasum": ""
            },
            "require": {
                "php": ">=5.6",
                "twig/twig": "^1.14|^2.0"
            },
            "require-dev": {
                "symfony/framework-bundle": "^2.7|^3.2|^4.1",
                "symfony/phpunit-bridge": "^3.4|^4.1",
                "symfony/twig-bundle": "^2.7|^3.2|^4.1"
            },
            "suggest": {
                "ext-xdebug": "The Xdebug extension is required for the breakpoint to work",
                "symfony/framework-bundle": "The framework bundle to integrate the extension into Symfony",
                "symfony/twig-bundle": "The twig bundle to integrate the extension into Symfony"
            },
            "type": "library",
            "extra": {
                "branch-alias": {
                    "dev-master": "0.3.x-dev"
                }
            },
            "autoload": {
                "psr-4": {
                    "Ajgl\\Twig\\Extension\\": "src/"
                }
            },
            "notification-url": "https://packagist.org/downloads/",
            "license": [
                "MIT"
            ],
            "authors": [
                {
                    "name": "Antonio J. García Lagar",
                    "email": "aj@garcialagar.es",
                    "homepage": "http://aj.garcialagar.es",
                    "role": "developer"
                }
            ],
            "description": "Twig extension to set breakpoints",
            "homepage": "https://github.com/ajgarlag/AjglBreakpointTwigExtension",
            "keywords": [
                "Xdebug",
                "breakpoint",
                "twig"
            ],
            "time": "2019-04-10T11:41:26+00:00"
        },
        {
            "name": "djboris88/timber-commented-include",
            "version": "1.0.0",
            "source": {
                "type": "git",
                "url": "https://github.com/djboris88/timber-commented-include.git",
                "reference": "21217676d5793d5da27d1d8f37b217462222628f"
            },
            "dist": {
                "type": "zip",
                "url": "https://api.github.com/repos/djboris88/timber-commented-include/zipball/21217676d5793d5da27d1d8f37b217462222628f",
                "reference": "21217676d5793d5da27d1d8f37b217462222628f",
                "shasum": ""
            },
            "require": {
                "djboris88/twig-commented-include": "^1.1",
                "php": ">=5.6"
            },
            "type": "library",
            "autoload": {
                "psr-4": {
                    "Djboris88\\Timber\\": "src/"
                },
                "files": [
                    "functions.php"
                ]
            },
            "notification-url": "https://packagist.org/downloads/",
            "license": [
                "GPL-3.0"
            ],
            "authors": [
                {
                    "name": "Boris Đemrovski",
                    "email": "djboris88@gmail.com",
                    "role": "developer"
                }
            ],
            "description": "Twig extension for Timber which outputs HTML comments before and after the `include` tag",
            "homepage": "https://github.com/djboris88/timber-include-comments",
            "keywords": [
                "comments",
                "debug",
                "html",
                "twig"
            ],
            "time": "2018-12-03T16:20:34+00:00"
        },
        {
            "name": "djboris88/twig-commented-include",
            "version": "1.1.0",
            "source": {
                "type": "git",
                "url": "https://github.com/djboris88/twig-commented-include.git",
                "reference": "424e0132e5416eadb3b02b7288b5a9d9df6b2475"
            },
            "dist": {
                "type": "zip",
                "url": "https://api.github.com/repos/djboris88/twig-commented-include/zipball/424e0132e5416eadb3b02b7288b5a9d9df6b2475",
                "reference": "424e0132e5416eadb3b02b7288b5a9d9df6b2475",
                "shasum": ""
            },
            "require": {
                "php": ">=5.6",
                "twig/twig": "^1.14|^2.0"
            },
            "require-dev": {
                "symfony/framework-bundle": "^2.7|^3.2",
                "symfony/twig-bundle": "^2.7|^3.2"
            },
            "suggest": {
                "symfony/framework-bundle": "The framework bundle to integrate the extension into Symfony",
                "symfony/twig-bundle": "The twig bundle to integrate the extension into Symfony"
            },
            "type": "library",
            "autoload": {
                "psr-4": {
                    "Djboris88\\Twig\\": "src/"
                }
            },
            "notification-url": "https://packagist.org/downloads/",
            "license": [
                "GPL-3.0"
            ],
            "authors": [
                {
                    "name": "Boris Đemrovski",
                    "email": "djboris88@gmail.com",
                    "role": "developer"
                }
            ],
            "description": "Twig extension which outputs HTML comments before and after the `include` tag",
            "homepage": "https://github.com/djboris88/twig-include-comments",
            "keywords": [
                "comments",
                "debug",
                "html",
                "twig"
            ],
            "time": "2018-12-03T16:17:27+00:00"
        },
        {
            "name": "hellonico/timber-dump-extension",
            "version": "1.0.0",
            "source": {
                "type": "git",
                "url": "https://github.com/nlemoine/timber-dump-extension.git",
                "reference": "05d0ea9e13c044a3b78926ab4695b28e739aa205"
            },
            "dist": {
                "type": "zip",
                "url": "https://api.github.com/repos/nlemoine/timber-dump-extension/zipball/05d0ea9e13c044a3b78926ab4695b28e739aa205",
                "reference": "05d0ea9e13c044a3b78926ab4695b28e739aa205",
                "shasum": ""
            },
            "require": {
                "hellonico/twig-dump-extension": "^1.0"
            },
            "type": "library",
            "autoload": {
                "psr-4": {
                    "HelloNico\\Timber\\": "src/"
                },
                "files": [
                    "functions.php"
                ]
            },
            "notification-url": "https://packagist.org/downloads/",
            "license": [
                "GPL-3.0+"
            ],
            "authors": [
                {
                    "name": "Nicolas Lemoine",
                    "email": "dev@helloni.co",
                    "homepage": "https://github.com/nlemoine"
                }
            ],
            "description": "Provides Symfony VarDumper component for Timber",
            "homepage": "https://github.com/nlemoine/timber-dump-extension",
            "time": "2019-03-05T10:25:36+00:00"
        },
        {
            "name": "hellonico/twig-dump-extension",
            "version": "1.0",
            "source": {
                "type": "git",
                "url": "https://github.com/nlemoine/twig-dump-extension.git",
                "reference": "8c66bd9d7d9833d2108c54d5789f655efc39b282"
            },
            "dist": {
                "type": "zip",
                "url": "https://api.github.com/repos/nlemoine/twig-dump-extension/zipball/8c66bd9d7d9833d2108c54d5789f655efc39b282",
                "reference": "8c66bd9d7d9833d2108c54d5789f655efc39b282",
                "shasum": ""
            },
            "require": {
                "symfony/var-dumper": "^4.2"
            },
            "type": "library",
            "autoload": {
                "psr-4": {
                    "HelloNico\\Twig\\": "src/"
                }
            },
            "notification-url": "https://packagist.org/downloads/",
            "license": [
                "GPL-3.0+"
            ],
            "authors": [
                {
                    "name": "Nicolas Lemoine",
                    "email": "dev@helloni.co",
                    "homepage": "https://github.com/nlemoine"
                }
            ],
            "description": "VarDumper Twig extension",
            "homepage": "https://github.com/nlemoine/twig-dump-extension",
            "time": "2019-03-05T10:24:05+00:00"
        },
        {
            "name": "symfony/polyfill-ctype",
            "version": "v1.11.0",
            "source": {
                "type": "git",
                "url": "https://github.com/symfony/polyfill-ctype.git",
                "reference": "82ebae02209c21113908c229e9883c419720738a"
            },
            "dist": {
                "type": "zip",
                "url": "https://api.github.com/repos/symfony/polyfill-ctype/zipball/82ebae02209c21113908c229e9883c419720738a",
                "reference": "82ebae02209c21113908c229e9883c419720738a",
                "shasum": ""
            },
            "require": {
                "php": ">=5.3.3"
            },
            "suggest": {
                "ext-ctype": "For best performance"
            },
            "type": "library",
            "extra": {
                "branch-alias": {
                    "dev-master": "1.11-dev"
                }
            },
            "autoload": {
                "psr-4": {
                    "Symfony\\Polyfill\\Ctype\\": ""
                },
                "files": [
                    "bootstrap.php"
                ]
            },
            "notification-url": "https://packagist.org/downloads/",
            "license": [
                "MIT"
            ],
            "authors": [
                {
                    "name": "Symfony Community",
                    "homepage": "https://symfony.com/contributors"
                },
                {
                    "name": "Gert de Pagter",
                    "email": "BackEndTea@gmail.com"
                }
            ],
            "description": "Symfony polyfill for ctype functions",
            "homepage": "https://symfony.com",
            "keywords": [
                "compatibility",
                "ctype",
                "polyfill",
                "portable"
            ],
            "time": "2019-02-06T07:57:58+00:00"
        },
        {
            "name": "symfony/polyfill-mbstring",
            "version": "v1.11.0",
            "source": {
                "type": "git",
                "url": "https://github.com/symfony/polyfill-mbstring.git",
                "reference": "fe5e94c604826c35a32fa832f35bd036b6799609"
            },
            "dist": {
                "type": "zip",
                "url": "https://api.github.com/repos/symfony/polyfill-mbstring/zipball/fe5e94c604826c35a32fa832f35bd036b6799609",
                "reference": "fe5e94c604826c35a32fa832f35bd036b6799609",
                "shasum": ""
            },
            "require": {
                "php": ">=5.3.3"
            },
            "suggest": {
                "ext-mbstring": "For best performance"
            },
            "type": "library",
            "extra": {
                "branch-alias": {
                    "dev-master": "1.11-dev"
                }
            },
            "autoload": {
                "psr-4": {
                    "Symfony\\Polyfill\\Mbstring\\": ""
                },
                "files": [
                    "bootstrap.php"
                ]
            },
            "notification-url": "https://packagist.org/downloads/",
            "license": [
                "MIT"
            ],
            "authors": [
                {
                    "name": "Nicolas Grekas",
                    "email": "p@tchwork.com"
                },
                {
                    "name": "Symfony Community",
                    "homepage": "https://symfony.com/contributors"
                }
            ],
            "description": "Symfony polyfill for the Mbstring extension",
            "homepage": "https://symfony.com",
            "keywords": [
                "compatibility",
                "mbstring",
                "polyfill",
                "portable",
                "shim"
            ],
            "time": "2019-02-06T07:57:58+00:00"
        },
        {
            "name": "symfony/polyfill-php72",
            "version": "v1.11.0",
            "source": {
                "type": "git",
                "url": "https://github.com/symfony/polyfill-php72.git",
                "reference": "ab50dcf166d5f577978419edd37aa2bb8eabce0c"
            },
            "dist": {
                "type": "zip",
                "url": "https://api.github.com/repos/symfony/polyfill-php72/zipball/ab50dcf166d5f577978419edd37aa2bb8eabce0c",
                "reference": "ab50dcf166d5f577978419edd37aa2bb8eabce0c",
                "shasum": ""
            },
            "require": {
                "php": ">=5.3.3"
            },
            "type": "library",
            "extra": {
                "branch-alias": {
                    "dev-master": "1.11-dev"
                }
            },
            "autoload": {
                "psr-4": {
                    "Symfony\\Polyfill\\Php72\\": ""
                },
                "files": [
                    "bootstrap.php"
                ]
            },
            "notification-url": "https://packagist.org/downloads/",
            "license": [
                "MIT"
            ],
            "authors": [
                {
                    "name": "Nicolas Grekas",
                    "email": "p@tchwork.com"
                },
                {
                    "name": "Symfony Community",
                    "homepage": "https://symfony.com/contributors"
                }
            ],
            "description": "Symfony polyfill backporting some PHP 7.2+ features to lower PHP versions",
            "homepage": "https://symfony.com",
            "keywords": [
                "compatibility",
                "polyfill",
                "portable",
                "shim"
            ],
            "time": "2019-02-06T07:57:58+00:00"
        },
        {
            "name": "symfony/var-dumper",
            "version": "v4.3.1",
            "source": {
                "type": "git",
                "url": "https://github.com/symfony/var-dumper.git",
                "reference": "f974f448154928d2b5fb7c412bd23b81d063f34b"
            },
            "dist": {
                "type": "zip",
                "url": "https://api.github.com/repos/symfony/var-dumper/zipball/f974f448154928d2b5fb7c412bd23b81d063f34b",
                "reference": "f974f448154928d2b5fb7c412bd23b81d063f34b",
                "shasum": ""
            },
            "require": {
                "php": "^7.1.3",
                "symfony/polyfill-mbstring": "~1.0",
                "symfony/polyfill-php72": "~1.5"
            },
            "conflict": {
                "phpunit/phpunit": "<4.8.35|<5.4.3,>=5.0",
                "symfony/console": "<3.4"
            },
            "require-dev": {
                "ext-iconv": "*",
                "symfony/console": "~3.4|~4.0",
                "symfony/process": "~3.4|~4.0",
                "twig/twig": "~1.34|~2.4"
            },
            "suggest": {
                "ext-iconv": "To convert non-UTF-8 strings to UTF-8 (or symfony/polyfill-iconv in case ext-iconv cannot be used).",
                "ext-intl": "To show region name in time zone dump",
                "symfony/console": "To use the ServerDumpCommand and/or the bin/var-dump-server script"
            },
            "bin": [
                "Resources/bin/var-dump-server"
            ],
            "type": "library",
            "extra": {
                "branch-alias": {
                    "dev-master": "4.3-dev"
                }
            },
            "autoload": {
                "files": [
                    "Resources/functions/dump.php"
                ],
                "psr-4": {
                    "Symfony\\Component\\VarDumper\\": ""
                },
                "exclude-from-classmap": [
                    "/Tests/"
                ]
            },
            "notification-url": "https://packagist.org/downloads/",
            "license": [
                "MIT"
            ],
            "authors": [
                {
                    "name": "Nicolas Grekas",
                    "email": "p@tchwork.com"
                },
                {
                    "name": "Symfony Community",
                    "homepage": "https://symfony.com/contributors"
                }
            ],
            "description": "Symfony mechanism for exploring and dumping PHP variables",
            "homepage": "https://symfony.com",
            "keywords": [
                "debug",
                "dump"
            ],
            "time": "2019-06-05T02:08:12+00:00"
        },
        {
            "name": "twig/twig",
            "version": "v2.11.2",
            "source": {
                "type": "git",
                "url": "https://github.com/twigphp/Twig.git",
                "reference": "84a463403da1c81afbcedda8f0e788c78bd25a79"
            },
            "dist": {
                "type": "zip",
                "url": "https://api.github.com/repos/twigphp/Twig/zipball/84a463403da1c81afbcedda8f0e788c78bd25a79",
                "reference": "84a463403da1c81afbcedda8f0e788c78bd25a79",
                "shasum": ""
            },
            "require": {
                "php": "^7.0",
                "symfony/polyfill-ctype": "^1.8",
                "symfony/polyfill-mbstring": "^1.3"
            },
            "require-dev": {
                "psr/container": "^1.0",
                "symfony/debug": "^2.7",
                "symfony/phpunit-bridge": "^3.4.19|^4.1.8|^5.0"
            },
            "type": "library",
            "extra": {
                "branch-alias": {
                    "dev-master": "2.11-dev"
                }
            },
            "autoload": {
                "psr-0": {
                    "Twig_": "lib/"
                },
                "psr-4": {
                    "Twig\\": "src/"
                }
            },
            "notification-url": "https://packagist.org/downloads/",
            "license": [
                "BSD-3-Clause"
            ],
            "authors": [
                {
                    "name": "Fabien Potencier",
                    "email": "fabien@symfony.com",
                    "homepage": "http://fabien.potencier.org",
                    "role": "Lead Developer"
                },
                {
                    "name": "Armin Ronacher",
                    "email": "armin.ronacher@active-4.com",
                    "role": "Project Founder"
                },
                {
                    "name": "Twig Team",
                    "homepage": "https://twig.symfony.com/contributors",
                    "role": "Contributors"
                }
            ],
            "description": "Twig, the flexible, fast, and secure template language for PHP",
            "homepage": "https://twig.symfony.com",
            "keywords": [
                "templating"
            ],
            "time": "2019-06-05T11:17:07+00:00"
        }
    ],
    "aliases": [],
    "minimum-stability": "stable",
    "stability-flags": [],
    "prefer-stable": false,
    "prefer-lowest": false,
    "platform": [],
    "platform-dev": []
}
